
Microsoft Visual Studio Solution File, Format Version 12.00
# Visual Studio Version 16
VisualStudioVersion = 16.0.30907.101
MinimumVisualStudioVersion = 10.0.40219.1
Project("{9A19103F-16F7-4668-BE54-9A1E7A4F7556}") = "Final_project", "Final_project\Final_project.csproj", "{4BCB54AE-689C-4EE9-8FD0-8B2FE494C0B2}"
EndProject
Project("{9A19103F-16F7-4668-BE54-9A1E7A4F7556}") = "IdentityExample", "IdentityExample\IdentityExample.csproj", "{88256C7F-E3AD-4B47-A9F4-A7F1B74DEA93}"
EndProject
Project("{2150E333-8FDC-42A3-9474-1A3956D46DE8}") = "Final_folder", "Final_folder", "{E1530790-160D-4E16-9EF6-D0EFF8F80A17}"
EndProject
Project("{2150E333-8FDC-42A3-9474-1A3956D46DE8}") = "oauth", "oauth", "{D5DE09B9-96A0-460C-80FE-A264D490CB76}"
EndProject
Project("{9A19103F-16F7-4668-BE54-9A1E7A4F7556}") = "Server", "Server\Server.csproj", "{0B262B14-B406-4B1E-83EB-0826D799300C}"
EndProject
Project("{9A19103F-16F7-4668-BE54-9A1E7A4F7556}") = "Client", "Client\Client.csproj", "{DA61DBDB-C5A8-45DC-96AD-55CCEF5A6B4F}"
EndProject
Project("{9A19103F-16F7-4668-BE54-9A1E7A4F7556}") = "Api", "Api\Api.csproj", "{169D6FD8-0917-44C8-9310-57CE7A841BCB}"
EndProject
Project("{2150E333-8FDC-42A3-9474-1A3956D46DE8}") = "identityserver4", "identityserver4", "{786BDE74-3FCE-4E72-843B-7709FCF0427B}"
EndProject
Project("{9A19103F-16F7-4668-BE54-9A1E7A4F7556}") = "IdentityServer", "IdentityServer\IdentityServer.csproj", "{F2C7839D-74DE-400B-8FBA-472B4A1D7A60}"
EndProject
Project("{9A19103F-16F7-4668-BE54-9A1E7A4F7556}") = "ApiOne", "ApiOne\ApiOne.csproj", "{2882CBB1-3E39-4B69-BF5A-3F4C5F54DCA6}"
EndProject
Project("{9A19103F-16F7-4668-BE54-9A1E7A4F7556}") = "ApiTwo", "ApiTwo\ApiTwo.csproj", "{178AC956-DFBF-4A28-9B2D-93DB334F1EBE}"
EndProject
Project("{FAE04EC0-301F-11D3-BF4B-00C04F79EFBC}") = "MvcClient", "MvcClient\MvcClient.csproj", "{63273FB5-259F-49FC-9209-630A58069033}"
EndProject
Global
	GlobalSection(SolutionConfigurationPlatforms) = preSolution
		Debug|Any CPU = Debug|Any CPU
		Release|Any CPU = Release|Any CPU
	EndGlobalSection
	GlobalSection(ProjectConfigurationPlatforms) = postSolution
		{4BCB54AE-689C-4EE9-8FD0-8B2FE494C0B2}.Debug|Any CPU.ActiveCfg = Debug|Any CPU
		{4BCB54AE-689C-4EE9-8FD0-8B2FE494C0B2}.Debug|Any CPU.Build.0 = Debug|Any CPU
		{4BCB54AE-689C-4EE9-8FD0-8B2FE494C0B2}.Release|Any CPU.ActiveCfg = Release|Any CPU
		{4BCB54AE-689C-4EE9-8FD0-8B2FE494C0B2}.Release|Any CPU.Build.0 = Release|Any CPU
		{88256C7F-E3AD-4B47-A9F4-A7F1B74DEA93}.Debug|Any CPU.ActiveCfg = Debug|Any CPU
		{88256C7F-E3AD-4B47-A9F4-A7F1B74DEA93}.Debug|Any CPU.Build.0 = Debug|Any CPU
		{88256C7F-E3AD-4B47-A9F4-A7F1B74DEA93}.Release|Any CPU.ActiveCfg = Release|Any CPU
		{88256C7F-E3AD-4B47-A9F4-A7F1B74DEA93}.Release|Any CPU.Build.0 = Release|Any CPU
		{0B262B14-B406-4B1E-83EB-0826D799300C}.Debug|Any CPU.ActiveCfg = Debug|Any CPU
		{0B262B14-B406-4B1E-83EB-0826D799300C}.Debug|Any CPU.Build.0 = Debug|Any CPU
		{0B262B14-B406-4B1E-83EB-0826D799300C}.Release|Any CPU.ActiveCfg = Release|Any CPU
		{0B262B14-B406-4B1E-83EB-0826D799300C}.Release|Any CPU.Build.0 = Release|Any CPU
		{DA61DBDB-C5A8-45DC-96AD-55CCEF5A6B4F}.Debug|Any CPU.ActiveCfg = Debug|Any CPU
		{DA61DBDB-C5A8-45DC-96AD-55CCEF5A6B4F}.Debug|Any CPU.Build.0 = Debug|Any CPU
		{DA61DBDB-C5A8-45DC-96AD-55CCEF5A6B4F}.Release|Any CPU.ActiveCfg = Release|Any CPU
		{DA61DBDB-C5A8-45DC-96AD-55CCEF5A6B4F}.Release|Any CPU.Build.0 = Release|Any CPU
		{169D6FD8-0917-44C8-9310-57CE7A841BCB}.Debug|Any CPU.ActiveCfg = Debug|Any CPU
		{169D6FD8-0917-44C8-9310-57CE7A841BCB}.Debug|Any CPU.Build.0 = Debug|Any CPU
		{169D6FD8-0917-44C8-9310-57CE7A841BCB}.Release|Any CPU.ActiveCfg = Release|Any CPU
		{169D6FD8-0917-44C8-9310-57CE7A841BCB}.Release|Any CPU.Build.0 = Release|Any CPU
		{F2C7839D-74DE-400B-8FBA-472B4A1D7A60}.Debug|Any CPU.ActiveCfg = Debug|Any CPU
		{F2C7839D-74DE-400B-8FBA-472B4A1D7A60}.Debug|Any CPU.Build.0 = Debug|Any CPU
		{F2C7839D-74DE-400B-8FBA-472B4A1D7A60}.Release|Any CPU.ActiveCfg = Release|Any CPU
		{F2C7839D-74DE-400B-8FBA-472B4A1D7A60}.Release|Any CPU.Build.0 = Release|Any CPU
		{2882CBB1-3E39-4B69-BF5A-3F4C5F54DCA6}.Debug|Any CPU.ActiveCfg = Debug|Any CPU
		{2882CBB1-3E39-4B69-BF5A-3F4C5F54DCA6}.Debug|Any CPU.Build.0 = Debug|Any CPU
		{2882CBB1-3E39-4B69-BF5A-3F4C5F54DCA6}.Release|Any CPU.ActiveCfg = Release|Any CPU
		{2882CBB1-3E39-4B69-BF5A-3F4C5F54DCA6}.Release|Any CPU.Build.0 = Release|Any CPU
		{178AC956-DFBF-4A28-9B2D-93DB334F1EBE}.Debug|Any CPU.ActiveCfg = Debug|Any CPU
		{178AC956-DFBF-4A28-9B2D-93DB334F1EBE}.Debug|Any CPU.Build.0 = Debug|Any CPU
		{178AC956-DFBF-4A28-9B2D-93DB334F1EBE}.Release|Any CPU.ActiveCfg = Release|Any CPU
		{178AC956-DFBF-4A28-9B2D-93DB334F1EBE}.Release|Any CPU.Build.0 = Release|Any CPU
		{63273FB5-259F-49FC-9209-630A58069033}.Debug|Any CPU.ActiveCfg = Debug|Any CPU
		{63273FB5-259F-49FC-9209-630A58069033}.Debug|Any CPU.Build.0 = Debug|Any CPU
		{63273FB5-259F-49FC-9209-630A58069033}.Release|Any CPU.ActiveCfg = Release|Any CPU
		{63273FB5-259F-49FC-9209-630A58069033}.Release|Any CPU.Build.0 = Release|Any CPU
	EndGlobalSection
	GlobalSection(SolutionProperties) = preSolution
		HideSolutionNode = FALSE
	EndGlobalSection
	GlobalSection(NestedProjects) = preSolution
		{4BCB54AE-689C-4EE9-8FD0-8B2FE494C0B2} = {E1530790-160D-4E16-9EF6-D0EFF8F80A17}
		{88256C7F-E3AD-4B47-A9F4-A7F1B74DEA93} = {E1530790-160D-4E16-9EF6-D0EFF8F80A17}
		{0B262B14-B406-4B1E-83EB-0826D799300C} = {D5DE09B9-96A0-460C-80FE-A264D490CB76}
		{DA61DBDB-C5A8-45DC-96AD-55CCEF5A6B4F} = {D5DE09B9-96A0-460C-80FE-A264D490CB76}
		{169D6FD8-0917-44C8-9310-57CE7A841BCB} = {D5DE09B9-96A0-460C-80FE-A264D490CB76}
		{F2C7839D-74DE-400B-8FBA-472B4A1D7A60} = {786BDE74-3FCE-4E72-843B-7709FCF0427B}
		{2882CBB1-3E39-4B69-BF5A-3F4C5F54DCA6} = {786BDE74-3FCE-4E72-843B-7709FCF0427B}
		{178AC956-DFBF-4A28-9B2D-93DB334F1EBE} = {786BDE74-3FCE-4E72-843B-7709FCF0427B}
		{63273FB5-259F-49FC-9209-630A58069033} = {786BDE74-3FCE-4E72-843B-7709FCF0427B}
	EndGlobalSection
	GlobalSection(ExtensibilityGlobals) = postSolution
		SolutionGuid = {229C3CB5-3991-4E0A-BB77-F4D19A3B55FE}
	EndGlobalSection
EndGlobal
